
Microsoft Visual Studio Solution File, Format Version 12.00
# Visual Studio 15
Project("{FAE04EC0-301F-11D3-BF4B-00C04F79EFBC}") = "Taxi", "Taxi.csproj", "{D0BA392F-C5E1-49D5-93F0-C365722F243A}"
EndProject
Global
	GlobalSection(SolutionConfigurationPlatforms) = preSolution
		Debug|Any CPU = Debug|Any CPU
		Release|Any CPU = Release|Any CPU
	EndGlobalSection
	GlobalSection(ProjectConfigurationPlatforms) = postSolution
		{D0BA392F-C5E1-49D5-93F0-C365722F243A}.Debug|Any CPU.ActiveCfg = Debug|Any CPU
		{D0BA392F-C5E1-49D5-93F0-C365722F243A}.Debug|Any CPU.Build.0 = Debug|Any CPU
		{D0BA392F-C5E1-49D5-93F0-C365722F243A}.Release|Any CPU.ActiveCfg = Release|Any CPU
		{D0BA392F-C5E1-49D5-93F0-C365722F243A}.Release|Any CPU.Build.0 = Release|Any CPU
	EndGlobalSection
EndGlobal
